
Microsoft Visual Studio Solution File, Format Version 12.00
# Visual Studio Version 17
VisualStudioVersion = 17.3.32922.545
MinimumVisualStudioVersion = 10.0.40219.1
Project("{FAE04EC0-301F-11D3-BF4B-00C04F79EFBC}") = "4.104", "4.104\4.104.csproj", "{57350D91-42C1-4259-9449-DE88091636C9}"
EndProject
Global
	GlobalSection(SolutionConfigurationPlatforms) = preSolution
		Debug|Any CPU = Debug|Any CPU
		Release|Any CPU = Release|Any CPU
	EndGlobalSection
	GlobalSection(ProjectConfigurationPlatforms) = postSolution
		{57350D91-42C1-4259-9449-DE88091636C9}.Debug|Any CPU.ActiveCfg = Debug|Any CPU
		{57350D91-42C1-4259-9449-DE88091636C9}.Debug|Any CPU.Build.0 = Debug|Any CPU
		{57350D91-42C1-4259-9449-DE88091636C9}.Release|Any CPU.ActiveCfg = Release|Any CPU
		{57350D91-42C1-4259-9449-DE88091636C9}.Release|Any CPU.Build.0 = Release|Any CPU
	EndGlobalSection
	GlobalSection(SolutionProperties) = preSolution
		HideSolutionNode = FALSE
	EndGlobalSection
	GlobalSection(ExtensibilityGlobals) = postSolution
		SolutionGuid = {F4F1E0D8-918C-46CB-8B8B-FC3B84A95171}
	EndGlobalSection
EndGlobal
